
Microsoft Visual Studio Solution File, Format Version 12.00
# Visual Studio Version 17
VisualStudioVersion = 17.1.32328.378
MinimumVisualStudioVersion = 10.0.40219.1
Project("{FAE04EC0-301F-11D3-BF4B-00C04F79EFBC}") = "Crucialshortcuts", "Crucialshortcuts.csproj", "{6B08A938-70CE-4484-92E3-C5E348890568}"
EndProject
Global
	GlobalSection(SolutionConfigurationPlatforms) = preSolution
		Debug|Any CPU = Debug|Any CPU
		Release|Any CPU = Release|Any CPU
	EndGlobalSection
	GlobalSection(ProjectConfigurationPlatforms) = postSolution
		{6B08A938-70CE-4484-92E3-C5E348890568}.Debug|Any CPU.ActiveCfg = Debug|Any CPU
		{6B08A938-70CE-4484-92E3-C5E348890568}.Debug|Any CPU.Build.0 = Debug|Any CPU
		{6B08A938-70CE-4484-92E3-C5E348890568}.Release|Any CPU.ActiveCfg = Release|Any CPU
		{6B08A938-70CE-4484-92E3-C5E348890568}.Release|Any CPU.Build.0 = Release|Any CPU
	EndGlobalSection
	GlobalSection(SolutionProperties) = preSolution
		HideSolutionNode = FALSE
	EndGlobalSection
	GlobalSection(ExtensibilityGlobals) = postSolution
		SolutionGuid = {F74913A0-D353-4847-AF24-45E7019A4601}
	EndGlobalSection
EndGlobal
