
Microsoft Visual Studio Solution File, Format Version 12.00
# Visual Studio Version 17
VisualStudioVersion = 17.1.32328.378
MinimumVisualStudioVersion = 10.0.40219.1
Project("{FAE04EC0-301F-11D3-BF4B-00C04F79EFBC}") = "Methods", "Methods.csproj", "{36DFF33D-6E84-4105-AF88-58ACCF968574}"
EndProject
Global
	GlobalSection(SolutionConfigurationPlatforms) = preSolution
		Debug|Any CPU = Debug|Any CPU
		Release|Any CPU = Release|Any CPU
	EndGlobalSection
	GlobalSection(ProjectConfigurationPlatforms) = postSolution
		{36DFF33D-6E84-4105-AF88-58ACCF968574}.Debug|Any CPU.ActiveCfg = Debug|Any CPU
		{36DFF33D-6E84-4105-AF88-58ACCF968574}.Debug|Any CPU.Build.0 = Debug|Any CPU
		{36DFF33D-6E84-4105-AF88-58ACCF968574}.Release|Any CPU.ActiveCfg = Release|Any CPU
		{36DFF33D-6E84-4105-AF88-58ACCF968574}.Release|Any CPU.Build.0 = Release|Any CPU
	EndGlobalSection
	GlobalSection(SolutionProperties) = preSolution
		HideSolutionNode = FALSE
	EndGlobalSection
	GlobalSection(ExtensibilityGlobals) = postSolution
		SolutionGuid = {DC3E2C44-D778-401F-A2D5-50F00E8584FF}
	EndGlobalSection
EndGlobal
